{
	"name": "OAApp",
	"version": "0.0.1",
	"lockfileVersion": 1,
	"requires": true,
	"dependencies": {
		"eslint-plugin-react-native": {
			"version": "3.1.0",
			"resolved": "https://registry.npmjs.org/eslint-plugin-react-native/-/eslint-plugin-react-native-3.1.0.tgz",
			"integrity": "sha1-A/lflZv/eoJntUcsuH0BDjRvciQ=",
			"dev": true
		}
	}
}
